Microsoft Visual Studio Solution File, Format Version 12.00
# Visual Studio Version 17
VisualStudioVersion = 17.5.2.0
MinimumVisualStudioVersion = 10.0.40219.1
Project("{FAE04EC0-301F-11D3-BF4B-00C04F79EFBC}") = "UmaDecryptor", "UmaDecryptor.csproj", "{3BC50241-741D-CB25-3C00-124D7F35AD82}"
EndProject
Global
	GlobalSection(SolutionConfigurationPlatforms) = preSolution
		Debug|Any CPU = Debug|Any CPU
		Release|Any CPU = Release|Any CPU
	EndGlobalSection
	GlobalSection(ProjectConfigurationPlatforms) = postSolution
		{3BC50241-741D-CB25-3C00-124D7F35AD82}.Debug|Any CPU.ActiveCfg = Debug|Any CPU
		{3BC50241-741D-CB25-3C00-124D7F35AD82}.Debug|Any CPU.Build.0 = Debug|Any CPU
		{3BC50241-741D-CB25-3C00-124D7F35AD82}.Release|Any CPU.ActiveCfg = Release|Any CPU
		{3BC50241-741D-CB25-3C00-124D7F35AD82}.Release|Any CPU.Build.0 = Release|Any CPU
	EndGlobalSection
	GlobalSection(SolutionProperties) = preSolution
		HideSolutionNode = FALSE
	EndGlobalSection
	GlobalSection(ExtensibilityGlobals) = postSolution
		SolutionGuid = {FC9A968D-07C9-41A8-BB41-BB174D82E7B9}
	EndGlobalSection
EndGlobal
